dependencies:
- name: cert-manager
  repository: https://charts.jetstack.io
  version: v1.14.3
- name: opentelemetry-operator
  repository: https://open-telemetry.github.io/opentelemetry-helm-charts
  version: 0.52.0
digest: sha256:ab327cc829cd56493c4837efbef1a17f3e2fc558fac523ec58dc053ad7aae17a
generated: "2024-03-22T18:12:41.069511-07:00"
